
Microsoft Visual Studio Solution File, Format Version 12.00
# Visual Studio 15
VisualStudioVersion = 15.0.27428.2002
MinimumVisualStudioVersion = 10.0.40219.1
Project("{FAE04EC0-301F-11D3-BF4B-00C04F79EFBC}") = "BernadosBakery", "BernadosBakery\BernadosBakery.csproj", "{87310E4F-FBA8-46F3-8047-4FE054AA23FE}"
EndProject
Global
	GlobalSection(SolutionConfigurationPlatforms) = preSolution
		Debug|Any CPU = Debug|Any CPU
		Release|Any CPU = Release|Any CPU
	EndGlobalSection
	GlobalSection(ProjectConfigurationPlatforms) = postSolution
		{87310E4F-FBA8-46F3-8047-4FE054AA23FE}.Debug|Any CPU.ActiveCfg = Debug|Any CPU
		{87310E4F-FBA8-46F3-8047-4FE054AA23FE}.Debug|Any CPU.Build.0 = Debug|Any CPU
		{87310E4F-FBA8-46F3-8047-4FE054AA23FE}.Release|Any CPU.ActiveCfg = Release|Any CPU
		{87310E4F-FBA8-46F3-8047-4FE054AA23FE}.Release|Any CPU.Build.0 = Release|Any CPU
	EndGlobalSection
	GlobalSection(SolutionProperties) = preSolution
		HideSolutionNode = FALSE
	EndGlobalSection
	GlobalSection(ExtensibilityGlobals) = postSolution
		SolutionGuid = {A13A50AF-6A45-48B0-873C-B1F911755F77}
	EndGlobalSection
EndGlobal
